// !$*UTF8*$!
{
	archiveVersion = 1;
	classes = {
	};
	objectVersion = 55;
	objects = {

/* Begin PBXBuildFile section */
		0174409E27C972F6006AA6AA /* MainCoordinator.swift in Sources */ = {isa = PBXBuildFile; fileRef = 0174409D27C972F6006AA6AA /* MainCoordinator.swift */; };
		017440A027CA0DED006AA6AA /* TodayViewController.swift in Sources */ = {isa = PBXBuildFile; fileRef = 0174409F27CA0DED006AA6AA /* TodayViewController.swift */; };
		017440A227CA0E01006AA6AA /* ForecastViewController.swift in Sources */ = {isa = PBXBuildFile; fileRef = 017440A127CA0E01006AA6AA /* ForecastViewController.swift */; };
		017440A427CA0E0F006AA6AA /* TodayViewPresenter.swift in Sources */ = {isa = PBXBuildFile; fileRef = 017440A327CA0E0F006AA6AA /* TodayViewPresenter.swift */; };
		017440A627CA0E1D006AA6AA /* ForecastViewPresenter.swift in Sources */ = {isa = PBXBuildFile; fileRef = 017440A527CA0E1D006AA6AA /* ForecastViewPresenter.swift */; };
		017440A827CA0E38006AA6AA /* TodayViewControllerProtocol.swift in Sources */ = {isa = PBXBuildFile; fileRef = 017440A727CA0E38006AA6AA /* TodayViewControllerProtocol.swift */; };
		017440AA27CA0E47006AA6AA /* ForecastViewControllerProtocol.swift in Sources */ = {isa = PBXBuildFile; fileRef = 017440A927CA0E47006AA6AA /* ForecastViewControllerProtocol.swift */; };
		017440AC27CA0E54006AA6AA /* TodayViewPresenterProtocol.swift in Sources */ = {isa = PBXBuildFile; fileRef = 017440AB27CA0E54006AA6AA /* TodayViewPresenterProtocol.swift */; };
		017440AE27CA0E63006AA6AA /* ForecastViewPresenterProtocol.swift in Sources */ = {isa = PBXBuildFile; fileRef = 017440AD27CA0E63006AA6AA /* ForecastViewPresenterProtocol.swift */; };
		017440B627CA0F0B006AA6AA /* BaseViewControllerProtocol.swift in Sources */ = {isa = PBXBuildFile; fileRef = 017440B527CA0F0B006AA6AA /* BaseViewControllerProtocol.swift */; };
		017440B927CA13AD006AA6AA /* TodayCoordinator.swift in Sources */ = {isa = PBXBuildFile; fileRef = 017440B827CA13AD006AA6AA /* TodayCoordinator.swift */; };
		017440BB27CA13BC006AA6AA /* ForecastCoordinator.swift in Sources */ = {isa = PBXBuildFile; fileRef = 017440BA27CA13BC006AA6AA /* ForecastCoordinator.swift */; };
		017440BF27CA1B39006AA6AA /* CustomNavigationBar.swift in Sources */ = {isa = PBXBuildFile; fileRef = 017440BE27CA1B39006AA6AA /* CustomNavigationBar.swift */; };
		017440C227CA3CA3006AA6AA /* Array+Safe.swift in Sources */ = {isa = PBXBuildFile; fileRef = 017440C127CA3CA3006AA6AA /* Array+Safe.swift */; };
		017440C627CA7B61006AA6AA /* UIView+addShadow.swift in Sources */ = {isa = PBXBuildFile; fileRef = 017440C527CA7B61006AA6AA /* UIView+addShadow.swift */; };
		017440C827CA810F006AA6AA /* HourForecastTableViewCell.swift in Sources */ = {isa = PBXBuildFile; fileRef = 017440C727CA810F006AA6AA /* HourForecastTableViewCell.swift */; };
		017440CA27CA9F02006AA6AA /* SeparatorView.swift in Sources */ = {isa = PBXBuildFile; fileRef = 017440C927CA9F02006AA6AA /* SeparatorView.swift */; };
		017440CC27CAA370006AA6AA /* UIView+AutoPinEdges.swift in Sources */ = {isa = PBXBuildFile; fileRef = 017440CB27CAA370006AA6AA /* UIView+AutoPinEdges.swift */; };
		017ED4BD27CB8C2400BCB576 /* UIViewController+ErrorAlert.swift in Sources */ = {isa = PBXBuildFile; fileRef = 017ED4BC27CB8C2400BCB576 /* UIViewController+ErrorAlert.swift */; };
		017ED4BF27CB8CF400BCB576 /* CodeDescription.swift in Sources */ = {isa = PBXBuildFile; fileRef = 017ED4BE27CB8CF400BCB576 /* CodeDescription.swift */; };
		017ED4C427CB915300BCB576 /* CommonError.swift in Sources */ = {isa = PBXBuildFile; fileRef = 017ED4C327CB915300BCB576 /* CommonError.swift */; };
		017ED4C627CBA34F00BCB576 /* LocationManager.swift in Sources */ = {isa = PBXBuildFile; fileRef = 017ED4C527CBA34F00BCB576 /* LocationManager.swift */; };
		112788FD7FFB2C0FB4639E8B /* Pods_TestTaskWeatherAppp.framework in Frameworks */ = {isa = PBXBuildFile; fileRef = 29B801ED03A0F1339ECF3792 /* Pods_TestTaskWeatherAppp.framework */; };
		A46B6B2827C95BD000334B02 /* AppDelegate.swift in Sources */ = {isa = PBXBuildFile; fileRef = A46B6B2727C95BD000334B02 /* AppDelegate.swift */; };
		A46B6B2A27C95BD000334B02 /* SceneDelegate.swift in Sources */ = {isa = PBXBuildFile; fileRef = A46B6B2927C95BD000334B02 /* SceneDelegate.swift */; };
		A46B6B2C27C95BD000334B02 /* TabBarViewController.swift in Sources */ = {isa = PBXBuildFile; fileRef = A46B6B2B27C95BD000334B02 /* TabBarViewController.swift */; };
		A46B6B3127C95BD800334B02 /* Assets.xcassets in Resources */ = {isa = PBXBuildFile; fileRef = A46B6B3027C95BD800334B02 /* Assets.xcassets */; };
		A46B6B3427C95BD800334B02 /* LaunchScreen.storyboard in Resources */ = {isa = PBXBuildFile; fileRef = A46B6B3227C95BD800334B02 /* LaunchScreen.storyboard */; };
/* End PBXBuildFile section */

/* Begin PBXFileReference section */
		0174409D27C972F6006AA6AA /* MainCoordinator.swift */ = {isa = PBXFileReference; lastKnownFileType = sourcecode.swift; path = MainCoordinator.swift; sourceTree = "<group>"; };
		0174409F27CA0DED006AA6AA /* TodayViewController.swift */ = {isa = PBXFileReference; lastKnownFileType = sourcecode.swift; path = TodayViewController.swift; sourceTree = "<group>"; };
		017440A127CA0E01006AA6AA /* ForecastViewController.swift */ = {isa = PBXFileReference; lastKnownFileType = sourcecode.swift; path = ForecastViewController.swift; sourceTree = "<group>"; };
		017440A327CA0E0F006AA6AA /* TodayViewPresenter.swift */ = {isa = PBXFileReference; lastKnownFileType = sourcecode.swift; path = TodayViewPresenter.swift; sourceTree = "<group>"; };
		017440A527CA0E1D006AA6AA /* ForecastViewPresenter.swift */ = {isa = PBXFileReference; lastKnownFileType = sourcecode.swift; path = ForecastViewPresenter.swift; sourceTree = "<group>"; };
		017440A727CA0E38006AA6AA /* TodayViewControllerProtocol.swift */ = {isa = PBXFileReference; lastKnownFileType = sourcecode.swift; path = TodayViewControllerProtocol.swift; sourceTree = "<group>"; };
		017440A927CA0E47006AA6AA /* ForecastViewControllerProtocol.swift */ = {isa = PBXFileReference; lastKnownFileType = sourcecode.swift; path = ForecastViewControllerProtocol.swift; sourceTree = "<group>"; };
		017440AB27CA0E54006AA6AA /* TodayViewPresenterProtocol.swift */ = {isa = PBXFileReference; lastKnownFileType = sourcecode.swift; path = TodayViewPresenterProtocol.swift; sourceTree = "<group>"; };
		017440AD27CA0E63006AA6AA /* ForecastViewPresenterProtocol.swift */ = {isa = PBXFileReference; lastKnownFileType = sourcecode.swift; path = ForecastViewPresenterProtocol.swift; sourceTree = "<group>"; };
		017440B527CA0F0B006AA6AA /* BaseViewControllerProtocol.swift */ = {isa = PBXFileReference; lastKnownFileType = sourcecode.swift; path = BaseViewControllerProtocol.swift; sourceTree = "<group>"; };
		017440B827CA13AD006AA6AA /* TodayCoordinator.swift */ = {isa = PBXFileReference; lastKnownFileType = sourcecode.swift; path = TodayCoordinator.swift; sourceTree = "<group>"; };
		017440BA27CA13BC006AA6AA /* ForecastCoordinator.swift */ = {isa = PBXFileReference; lastKnownFileType = sourcecode.swift; path = ForecastCoordinator.swift; sourceTree = "<group>"; };
		017440BE27CA1B39006AA6AA /* CustomNavigationBar.swift */ = {isa = PBXFileReference; lastKnownFileType = sourcecode.swift; path = CustomNavigationBar.swift; sourceTree = "<group>"; };
		017440C127CA3CA3006AA6AA /* Array+Safe.swift */ = {isa = PBXFileReference; lastKnownFileType = sourcecode.swift; path = "Array+Safe.swift"; sourceTree = "<group>"; };
		017440C527CA7B61006AA6AA /* UIView+addShadow.swift */ = {isa = PBXFileReference; lastKnownFileType = sourcecode.swift; path = "UIView+addShadow.swift"; sourceTree = "<group>"; };
		017440C727CA810F006AA6AA /* HourForecastTableViewCell.swift */ = {isa = PBXFileReference; lastKnownFileType = sourcecode.swift; path = HourForecastTableViewCell.swift; sourceTree = "<group>"; };
		017440C927CA9F02006AA6AA /* SeparatorView.swift */ = {isa = PBXFileReference; lastKnownFileType = sourcecode.swift; path = SeparatorView.swift; sourceTree = "<group>"; };
		017440CB27CAA370006AA6AA /* UIView+AutoPinEdges.swift */ = {isa = PBXFileReference; lastKnownFileType = sourcecode.swift; path = "UIView+AutoPinEdges.swift"; sourceTree = "<group>"; };
		017ED4BC27CB8C2400BCB576 /* UIViewController+ErrorAlert.swift */ = {isa = PBXFileReference; lastKnownFileType = sourcecode.swift; path = "UIViewController+ErrorAlert.swift"; sourceTree = "<group>"; };
		017ED4BE27CB8CF400BCB576 /* CodeDescription.swift */ = {isa = PBXFileReference; lastKnownFileType = sourcecode.swift; path = CodeDescription.swift; sourceTree = "<group>"; };
		017ED4C327CB915300BCB576 /* CommonError.swift */ = {isa = PBXFileReference; lastKnownFileType = sourcecode.swift; path = CommonError.swift; sourceTree = "<group>"; };
		017ED4C527CBA34F00BCB576 /* LocationManager.swift */ = {isa = PBXFileReference; lastKnownFileType = sourcecode.swift; path = LocationManager.swift; sourceTree = "<group>"; };
		29B801ED03A0F1339ECF3792 /* Pods_TestTaskWeatherAppp.framework */ = {isa = PBXFileReference; explicitFileType = wrapper.framework; includeInIndex = 0; path = Pods_TestTaskWeatherAppp.framework; sourceTree = BUILT_PRODUCTS_DIR; };
		40F33981BF6D6B1B93CE8FEC /* Pods-TestTaskWeatherAppp.release.xcconfig */ = {isa = PBXFileReference; includeInIndex = 1; lastKnownFileType = text.xcconfig; name = "Pods-TestTaskWeatherAppp.release.xcconfig"; path = "Target Support Files/Pods-TestTaskWeatherAppp/Pods-TestTaskWeatherAppp.release.xcconfig"; sourceTree = "<group>"; };
		43B49EA1EC97699BE5E9B981 /* Pods-TestTaskWeatherAppp.debug.xcconfig */ = {isa = PBXFileReference; includeInIndex = 1; lastKnownFileType = text.xcconfig; name = "Pods-TestTaskWeatherAppp.debug.xcconfig"; path = "Target Support Files/Pods-TestTaskWeatherAppp/Pods-TestTaskWeatherAppp.debug.xcconfig"; sourceTree = "<group>"; };
		A46B6B2427C95BD000334B02 /* TestTaskWeatherAppp.app */ = {isa = PBXFileReference; explicitFileType = wrapper.application; includeInIndex = 0; path = TestTaskWeatherAppp.app; sourceTree = BUILT_PRODUCTS_DIR; };
		A46B6B2727C95BD000334B02 /* AppDelegate.swift */ = {isa = PBXFileReference; lastKnownFileType = sourcecode.swift; path = AppDelegate.swift; sourceTree = "<group>"; };
		A46B6B2927C95BD000334B02 /* SceneDelegate.swift */ = {isa = PBXFileReference; lastKnownFileType = sourcecode.swift; path = SceneDelegate.swift; sourceTree = "<group>"; };
		A46B6B2B27C95BD000334B02 /* TabBarViewController.swift */ = {isa = PBXFileReference; lastKnownFileType = sourcecode.swift; path = TabBarViewController.swift; sourceTree = "<group>"; };
		A46B6B3027C95BD800334B02 /* Assets.xcassets */ = {isa = PBXFileReference; lastKnownFileType = folder.assetcatalog; path = Assets.xcassets; sourceTree = "<group>"; };
		A46B6B3327C95BD800334B02 /* Base */ = {isa = PBXFileReference; lastKnownFileType = file.storyboard; name = Base; path = Base.lproj/LaunchScreen.storyboard; sourceTree = "<group>"; };
		A46B6B3527C95BD800334B02 /* Info.plist */ = {isa = PBXFileReference; lastKnownFileType = text.plist.xml; path = Info.plist; sourceTree = "<group>"; };
/* End PBXFileReference section */

/* Begin PBXFrameworksBuildPhase section */
		A46B6B2127C95BD000334B02 /* Frameworks */ = {
			isa = PBXFrameworksBuildPhase;
			buildActionMask = 2147483647;
			files = (
				112788FD7FFB2C0FB4639E8B /* Pods_TestTaskWeatherAppp.framework in Frameworks */,
			);
			runOnlyForDeploymentPostprocessing = 0;
		};
/* End PBXFrameworksBuildPhase section */

/* Begin PBXGroup section */
		017440AF27CA0E6E006AA6AA /* Today */ = {
			isa = PBXGroup;
			children = (
				017440B127CA0EA8006AA6AA /* View */,
				017440B227CA0EB5006AA6AA /* Presenter */,
			);
			path = Today;
			sourceTree = "<group>";
		};
		017440B027CA0E83006AA6AA /* Forecast */ = {
			isa = PBXGroup;
			children = (
				017440B327CA0EC2006AA6AA /* View */,
				017440B427CA0ECC006AA6AA /* Presenter */,
			);
			path = Forecast;
			sourceTree = "<group>";
		};
		017440B127CA0EA8006AA6AA /* View */ = {
			isa = PBXGroup;
			children = (
				017440A727CA0E38006AA6AA /* TodayViewControllerProtocol.swift */,
				0174409F27CA0DED006AA6AA /* TodayViewController.swift */,
			);
			path = View;
			sourceTree = "<group>";
		};
		017440B227CA0EB5006AA6AA /* Presenter */ = {
			isa = PBXGroup;
			children = (
				017440AB27CA0E54006AA6AA /* TodayViewPresenterProtocol.swift */,
				017440A327CA0E0F006AA6AA /* TodayViewPresenter.swift */,
			);
			path = Presenter;
			sourceTree = "<group>";
		};
		017440B327CA0EC2006AA6AA /* View */ = {
			isa = PBXGroup;
			children = (
				017440A927CA0E47006AA6AA /* ForecastViewControllerProtocol.swift */,
				017440A127CA0E01006AA6AA /* ForecastViewController.swift */,
				017440C727CA810F006AA6AA /* HourForecastTableViewCell.swift */,
			);
			path = View;
			sourceTree = "<group>";
		};
		017440B427CA0ECC006AA6AA /* Presenter */ = {
			isa = PBXGroup;
			children = (
				017440AD27CA0E63006AA6AA /* ForecastViewPresenterProtocol.swift */,
				017440A527CA0E1D006AA6AA /* ForecastViewPresenter.swift */,
			);
			path = Presenter;
			sourceTree = "<group>";
		};
		017440B727CA1391006AA6AA /* Coordinators */ = {
			isa = PBXGroup;
			children = (
				0174409D27C972F6006AA6AA /* MainCoordinator.swift */,
				017440B827CA13AD006AA6AA /* TodayCoordinator.swift */,
				017440BA27CA13BC006AA6AA /* ForecastCoordinator.swift */,
			);
			path = Coordinators;
			sourceTree = "<group>";
		};
		017440C027CA3C87006AA6AA /* Extensions */ = {
			isa = PBXGroup;
			children = (
				017440C127CA3CA3006AA6AA /* Array+Safe.swift */,
				017440C527CA7B61006AA6AA /* UIView+addShadow.swift */,
				017440CB27CAA370006AA6AA /* UIView+AutoPinEdges.swift */,
				017ED4BC27CB8C2400BCB576 /* UIViewController+ErrorAlert.swift */,
			);
			path = Extensions;
			sourceTree = "<group>";
		};
		017ED4C027CB8DDD00BCB576 /* Custom Entities */ = {
			isa = PBXGroup;
			children = (
				017ED4BE27CB8CF400BCB576 /* CodeDescription.swift */,
				017440C927CA9F02006AA6AA /* SeparatorView.swift */,
				017ED4C327CB915300BCB576 /* CommonError.swift */,
				017440BE27CA1B39006AA6AA /* CustomNavigationBar.swift */,
			);
			path = "Custom Entities";
			sourceTree = "<group>";
		};
		017ED4C127CB8E8200BCB576 /* Screens */ = {
			isa = PBXGroup;
			children = (
				017440AF27CA0E6E006AA6AA /* Today */,
				017440B027CA0E83006AA6AA /* Forecast */,
			);
			path = Screens;
			sourceTree = "<group>";
		};
		017ED4C227CB8EA800BCB576 /* Architecture */ = {
			isa = PBXGroup;
			children = (
				017440B527CA0F0B006AA6AA /* BaseViewControllerProtocol.swift */,
				A46B6B2B27C95BD000334B02 /* TabBarViewController.swift */,
				017ED4C527CBA34F00BCB576 /* LocationManager.swift */,
				017440B727CA1391006AA6AA /* Coordinators */,
			);
			path = Architecture;
			sourceTree = "<group>";
		};
		1568A50740D6629E54D10B91 /* Pods */ = {
			isa = PBXGroup;
			children = (
				43B49EA1EC97699BE5E9B981 /* Pods-TestTaskWeatherAppp.debug.xcconfig */,
				40F33981BF6D6B1B93CE8FEC /* Pods-TestTaskWeatherAppp.release.xcconfig */,
			);
			path = Pods;
			sourceTree = "<group>";
		};
		A46B6B1B27C95BD000334B02 = {
			isa = PBXGroup;
			children = (
				A46B6B2627C95BD000334B02 /* TestTaskWeatherAppp */,
				A46B6B2527C95BD000334B02 /* Products */,
				1568A50740D6629E54D10B91 /* Pods */,
				AC5B7776F185CB31D5F14361 /* Frameworks */,
			);
			sourceTree = "<group>";
		};
		A46B6B2527C95BD000334B02 /* Products */ = {
			isa = PBXGroup;
			children = (
				A46B6B2427C95BD000334B02 /* TestTaskWeatherAppp.app */,
			);
			name = Products;
			sourceTree = "<group>";
		};
		A46B6B2627C95BD000334B02 /* TestTaskWeatherAppp */ = {
			isa = PBXGroup;
			children = (
				A46B6B2727C95BD000334B02 /* AppDelegate.swift */,
				A46B6B2927C95BD000334B02 /* SceneDelegate.swift */,
				017ED4C227CB8EA800BCB576 /* Architecture */,
				017ED4C027CB8DDD00BCB576 /* Custom Entities */,
				017440C027CA3C87006AA6AA /* Extensions */,
				017ED4C127CB8E8200BCB576 /* Screens */,
				A46B6B3027C95BD800334B02 /* Assets.xcassets */,
				A46B6B3227C95BD800334B02 /* LaunchScreen.storyboard */,
				A46B6B3527C95BD800334B02 /* Info.plist */,
			);
			path = TestTaskWeatherAppp;
			sourceTree = "<group>";
		};
		AC5B7776F185CB31D5F14361 /* Frameworks */ = {
			isa = PBXGroup;
			children = (
				29B801ED03A0F1339ECF3792 /* Pods_TestTaskWeatherAppp.framework */,
			);
			name = Frameworks;
			sourceTree = "<group>";
		};
/* End PBXGroup section */

/* Begin PBXNativeTarget section */
		A46B6B2327C95BD000334B02 /* TestTaskWeatherAppp */ = {
			isa = PBXNativeTarget;
			buildConfigurationList = A46B6B3827C95BD800334B02 /* Build configuration list for PBXNativeTarget "TestTaskWeatherAppp" */;
			buildPhases = (
				77AED3D71CED8E4E8FCFBE90 /* [CP] Check Pods Manifest.lock */,
				A46B6B2027C95BD000334B02 /* Sources */,
				A46B6B2127C95BD000334B02 /* Frameworks */,
				A46B6B2227C95BD000334B02 /* Resources */,
				CC7342F6EC056B50D83EFEDF /* [CP] Embed Pods Frameworks */,
			);
			buildRules = (
			);
			dependencies = (
			);
			name = TestTaskWeatherAppp;
			productName = TestTaskWeatherAppp;
			productReference = A46B6B2427C95BD000334B02 /* TestTaskWeatherAppp.app */;
			productType = "com.apple.product-type.application";
		};
/* End PBXNativeTarget section */

/* Begin PBXProject section */
		A46B6B1C27C95BD000334B02 /* Project object */ = {
			isa = PBXProject;
			attributes = {
				BuildIndependentTargetsInParallel = 1;
				LastSwiftUpdateCheck = 1320;
				LastUpgradeCheck = 1320;
				TargetAttributes = {
					A46B6B2327C95BD000334B02 = {
						CreatedOnToolsVersion = 13.2.1;
					};
				};
			};
			buildConfigurationList = A46B6B1F27C95BD000334B02 /* Build configuration list for PBXProject "TestTaskWeatherAppp" */;
			compatibilityVersion = "Xcode 13.0";
			developmentRegion = en;
			hasScannedForEncodings = 0;
			knownRegions = (
				en,
				Base,
			);
			mainGroup = A46B6B1B27C95BD000334B02;
			productRefGroup = A46B6B2527C95BD000334B02 /* Products */;
			projectDirPath = "";
			projectRoot = "";
			targets = (
				A46B6B2327C95BD000334B02 /* TestTaskWeatherAppp */,
			);
		};
/* End PBXProject section */

/* Begin PBXResourcesBuildPhase section */
		A46B6B2227C95BD000334B02 /* Resources */ = {
			isa = PBXResourcesBuildPhase;
			buildActionMask = 2147483647;
			files = (
				A46B6B3427C95BD800334B02 /* LaunchScreen.storyboard in Resources */,
				A46B6B3127C95BD800334B02 /* Assets.xcassets in Resources */,
			);
			runOnlyForDeploymentPostprocessing = 0;
		};
/* End PBXResourcesBuildPhase section */

/* Begin PBXShellScriptBuildPhase section */
		77AED3D71CED8E4E8FCFBE90 /* [CP] Check Pods Manifest.lock */ = {
			isa = PBXShellScriptBuildPhase;
			buildActionMask = 2147483647;
			files = (
			);
			inputFileListPaths = (
			);
			inputPaths = (
				"${PODS_PODFILE_DIR_PATH}/Podfile.lock",
				"${PODS_ROOT}/Manifest.lock",
			);
			name = "[CP] Check Pods Manifest.lock";
			outputFileListPaths = (
			);
			outputPaths = (
				"$(DERIVED_FILE_DIR)/Pods-TestTaskWeatherAppp-checkManifestLockResult.txt",
			);
			runOnlyForDeploymentPostprocessing = 0;
			shellPath = /bin/sh;
			shellScript = "diff \"${PODS_PODFILE_DIR_PATH}/Podfile.lock\" \"${PODS_ROOT}/Manifest.lock\" > /dev/null\nif [ $? != 0 ] ; then\n    # print error to STDERR\n    echo \"error: The sandbox is not in sync with the Podfile.lock. Run 'pod install' or update your CocoaPods installation.\" >&2\n    exit 1\nfi\n# This output is used by Xcode 'outputs' to avoid re-running this script phase.\necho \"SUCCESS\" > \"${SCRIPT_OUTPUT_FILE_0}\"\n";
			showEnvVarsInLog = 0;
		};
		CC7342F6EC056B50D83EFEDF /* [CP] Embed Pods Frameworks */ = {
			isa = PBXShellScriptBuildPhase;
			buildActionMask = 2147483647;
			files = (
			);
			inputFileListPaths = (
				"${PODS_ROOT}/Target Support Files/Pods-TestTaskWeatherAppp/Pods-TestTaskWeatherAppp-frameworks-${CONFIGURATION}-input-files.xcfilelist",
			);
			name = "[CP] Embed Pods Frameworks";
			outputFileListPaths = (
				"${PODS_ROOT}/Target Support Files/Pods-TestTaskWeatherAppp/Pods-TestTaskWeatherAppp-frameworks-${CONFIGURATION}-output-files.xcfilelist",
			);
			runOnlyForDeploymentPostprocessing = 0;
			shellPath = /bin/sh;
			shellScript = "\"${PODS_ROOT}/Target Support Files/Pods-TestTaskWeatherAppp/Pods-TestTaskWeatherAppp-frameworks.sh\"\n";
			showEnvVarsInLog = 0;
		};
/* End PBXShellScriptBuildPhase section */

/* Begin PBXSourcesBuildPhase section */
		A46B6B2027C95BD000334B02 /* Sources */ = {
			isa = PBXSourcesBuildPhase;
			buildActionMask = 2147483647;
			files = (
				017440C827CA810F006AA6AA /* HourForecastTableViewCell.swift in Sources */,
				017440A627CA0E1D006AA6AA /* ForecastViewPresenter.swift in Sources */,
				017ED4C627CBA34F00BCB576 /* LocationManager.swift in Sources */,
				017440CA27CA9F02006AA6AA /* SeparatorView.swift in Sources */,
				017440A427CA0E0F006AA6AA /* TodayViewPresenter.swift in Sources */,
				0174409E27C972F6006AA6AA /* MainCoordinator.swift in Sources */,
				017440A827CA0E38006AA6AA /* TodayViewControllerProtocol.swift in Sources */,
				017440BF27CA1B39006AA6AA /* CustomNavigationBar.swift in Sources */,
				017ED4C427CB915300BCB576 /* CommonError.swift in Sources */,
				A46B6B2C27C95BD000334B02 /* TabBarViewController.swift in Sources */,
				017440C627CA7B61006AA6AA /* UIView+addShadow.swift in Sources */,
				017440A027CA0DED006AA6AA /* TodayViewController.swift in Sources */,
				A46B6B2827C95BD000334B02 /* AppDelegate.swift in Sources */,
				017440AC27CA0E54006AA6AA /* TodayViewPresenterProtocol.swift in Sources */,
				017440B927CA13AD006AA6AA /* TodayCoordinator.swift in Sources */,
				017ED4BF27CB8CF400BCB576 /* CodeDescription.swift in Sources */,
				017440AA27CA0E47006AA6AA /* ForecastViewControllerProtocol.swift in Sources */,
				A46B6B2A27C95BD000334B02 /* SceneDelegate.swift in Sources */,
				017440AE27CA0E63006AA6AA /* ForecastViewPresenterProtocol.swift in Sources */,
				017440BB27CA13BC006AA6AA /* ForecastCoordinator.swift in Sources */,
				017440C227CA3CA3006AA6AA /* Array+Safe.swift in Sources */,
				017ED4BD27CB8C2400BCB576 /* UIViewController+ErrorAlert.swift in Sources */,
				017440A227CA0E01006AA6AA /* ForecastViewController.swift in Sources */,
				017440CC27CAA370006AA6AA /* UIView+AutoPinEdges.swift in Sources */,
				017440B627CA0F0B006AA6AA /* BaseViewControllerProtocol.swift in Sources */,
			);
			runOnlyForDeploymentPostprocessing = 0;
		};
/* End PBXSourcesBuildPhase section */

/* Begin PBXVariantGroup section */
		A46B6B3227C95BD800334B02 /* LaunchScreen.storyboard */ = {
			isa = PBXVariantGroup;
			children = (
				A46B6B3327C95BD800334B02 /* Base */,
			);
			name = LaunchScreen.storyboard;
			sourceTree = "<group>";
		};
/* End PBXVariantGroup section */

/* Begin XCBuildConfiguration section */
		A46B6B3627C95BD800334B02 /* Debug */ = {
			isa = XCBuildConfiguration;
			buildSettings = {
				ALWAYS_SEARCH_USER_PATHS = NO;
				CLANG_ANALYZER_NONNULL = YES;
				CLANG_ANALYZER_NUMBER_OBJECT_CONVERSION = YES_AGGRESSIVE;
				CLANG_CXX_LANGUAGE_STANDARD = "gnu++17";
				CLANG_CXX_LIBRARY = "libc++";
				CLANG_ENABLE_MODULES = YES;
				CLANG_ENABLE_OBJC_ARC = YES;
				CLANG_ENABLE_OBJC_WEAK = YES;
				CLANG_WARN_BLOCK_CAPTURE_AUTORELEASING = YES;
				CLANG_WARN_BOOL_CONVERSION = YES;
				CLANG_WARN_COMMA = YES;
				CLANG_WARN_CONSTANT_CONVERSION = YES;
				CLANG_WARN_DEPRECATED_OBJC_IMPLEMENTATIONS = YES;
				CLANG_WARN_DIRECT_OBJC_ISA_USAGE = YES_ERROR;
				CLANG_WARN_DOCUMENTATION_COMMENTS = YES;
				CLANG_WARN_EMPTY_BODY = YES;
				CLANG_WARN_ENUM_CONVERSION = YES;
				CLANG_WARN_INFINITE_RECURSION = YES;
				CLANG_WARN_INT_CONVERSION = YES;
				CLANG_WARN_NON_LITERAL_NULL_CONVERSION = YES;
				CLANG_WARN_OBJC_IMPLICIT_RETAIN_SELF = YES;
				CLANG_WARN_OBJC_LITERAL_CONVERSION = YES;
				CLANG_WARN_OBJC_ROOT_CLASS = YES_ERROR;
				CLANG_WARN_QUOTED_INCLUDE_IN_FRAMEWORK_HEADER = YES;
				CLANG_WARN_RANGE_LOOP_ANALYSIS = YES;
				CLANG_WARN_STRICT_PROTOTYPES = YES;
				CLANG_WARN_SUSPICIOUS_MOVE = YES;
				CLANG_WARN_UNGUARDED_AVAILABILITY = YES_AGGRESSIVE;
				CLANG_WARN_UNREACHABLE_CODE = YES;
				CLANG_WARN__DUPLICATE_METHOD_MATCH = YES;
				COPY_PHASE_STRIP = NO;
				DEBUG_INFORMATION_FORMAT = dwarf;
				ENABLE_STRICT_OBJC_MSGSEND = YES;
				ENABLE_TESTABILITY = YES;
				GCC_C_LANGUAGE_STANDARD = gnu11;
				GCC_DYNAMIC_NO_PIC = NO;
				GCC_NO_COMMON_BLOCKS = YES;
				GCC_OPTIMIZATION_LEVEL = 0;
				GCC_PREPROCESSOR_DEFINITIONS = (
					"DEBUG=1",
					"$(inherited)",
				);
				GCC_WARN_64_TO_32_BIT_CONVERSION = YES;
				GCC_WARN_ABOUT_RETURN_TYPE = YES_ERROR;
				GCC_WARN_UNDECLARED_SELECTOR = YES;
				GCC_WARN_UNINITIALIZED_AUTOS = YES_AGGRESSIVE;
				GCC_WARN_UNUSED_FUNCTION = YES;
				GCC_WARN_UNUSED_VARIABLE = YES;
				IPHONEOS_DEPLOYMENT_TARGET = 15.2;
				MTL_ENABLE_DEBUG_INFO = INCLUDE_SOURCE;
				MTL_FAST_MATH = YES;
				ONLY_ACTIVE_ARCH = YES;
				SDKROOT = iphoneos;
				SWIFT_ACTIVE_COMPILATION_CONDITIONS = DEBUG;
				SWIFT_OPTIMIZATION_LEVEL = "-Onone";
			};
			name = Debug;
		};
		A46B6B3727C95BD800334B02 /* Release */ = {
			isa = XCBuildConfiguration;
			buildSettings = {
				ALWAYS_SEARCH_USER_PATHS = NO;
				CLANG_ANALYZER_NONNULL = YES;
				CLANG_ANALYZER_NUMBER_OBJECT_CONVERSION = YES_AGGRESSIVE;
				CLANG_CXX_LANGUAGE_STANDARD = "gnu++17";
				CLANG_CXX_LIBRARY = "libc++";
				CLANG_ENABLE_MODULES = YES;
				CLANG_ENABLE_OBJC_ARC = YES;
				CLANG_ENABLE_OBJC_WEAK = YES;
				CLANG_WARN_BLOCK_CAPTURE_AUTORELEASING = YES;
				CLANG_WARN_BOOL_CONVERSION = YES;
				CLANG_WARN_COMMA = YES;
				CLANG_WARN_CONSTANT_CONVERSION = YES;
				CLANG_WARN_DEPRECATED_OBJC_IMPLEMENTATIONS = YES;
				CLANG_WARN_DIRECT_OBJC_ISA_USAGE = YES_ERROR;
				CLANG_WARN_DOCUMENTATION_COMMENTS = YES;
				CLANG_WARN_EMPTY_BODY = YES;
				CLANG_WARN_ENUM_CONVERSION = YES;
				CLANG_WARN_INFINITE_RECURSION = YES;
				CLANG_WARN_INT_CONVERSION = YES;
				CLANG_WARN_NON_LITERAL_NULL_CONVERSION = YES;
				CLANG_WARN_OBJC_IMPLICIT_RETAIN_SELF = YES;
				CLANG_WARN_OBJC_LITERAL_CONVERSION = YES;
				CLANG_WARN_OBJC_ROOT_CLASS = YES_ERROR;
				CLANG_WARN_QUOTED_INCLUDE_IN_FRAMEWORK_HEADER = YES;
				CLANG_WARN_RANGE_LOOP_ANALYSIS = YES;
				CLANG_WARN_STRICT_PROTOTYPES = YES;
				CLANG_WARN_SUSPICIOUS_MOVE = YES;
				CLANG_WARN_UNGUARDED_AVAILABILITY = YES_AGGRESSIVE;
				CLANG_WARN_UNREACHABLE_CODE = YES;
				CLANG_WARN__DUPLICATE_METHOD_MATCH = YES;
				COPY_PHASE_STRIP = NO;
				DEBUG_INFORMATION_FORMAT = "dwarf-with-dsym";
				ENABLE_NS_ASSERTIONS = NO;
				ENABLE_STRICT_OBJC_MSGSEND = YES;
				GCC_C_LANGUAGE_STANDARD = gnu11;
				GCC_NO_COMMON_BLOCKS = YES;
				GCC_WARN_64_TO_32_BIT_CONVERSION = YES;
				GCC_WARN_ABOUT_RETURN_TYPE = YES_ERROR;
				GCC_WARN_UNDECLARED_SELECTOR = YES;
				GCC_WARN_UNINITIALIZED_AUTOS = YES_AGGRESSIVE;
				GCC_WARN_UNUSED_FUNCTION = YES;
				GCC_WARN_UNUSED_VARIABLE = YES;
				IPHONEOS_DEPLOYMENT_TARGET = 15.2;
				MTL_ENABLE_DEBUG_INFO = NO;
				MTL_FAST_MATH = YES;
				SDKROOT = iphoneos;
				SWIFT_COMPILATION_MODE = wholemodule;
				SWIFT_OPTIMIZATION_LEVEL = "-O";
				VALIDATE_PRODUCT = YES;
			};
			name = Release;
		};
		A46B6B3927C95BD800334B02 /* Debug */ = {
			isa = XCBuildConfiguration;
			baseConfigurationReference = 43B49EA1EC97699BE5E9B981 /* Pods-TestTaskWeatherAppp.debug.xcconfig */;
			buildSettings = {
				ASSETCATALOG_COMPILER_APPICON_NAME = AppIcon;
				ASSETCATALOG_COMPILER_GLOBAL_ACCENT_COLOR_NAME = AccentColor;
				CODE_SIGN_STYLE = Automatic;
				CURRENT_PROJECT_VERSION = 1;
				DEVELOPMENT_TEAM = NPGNG99UN2;
				GENERATE_INFOPLIST_FILE = YES;
				INFOPLIST_FILE = TestTaskWeatherAppp/Info.plist;
				INFOPLIST_KEY_UIApplicationSupportsIndirectInputEvents = YES;
				INFOPLIST_KEY_UILaunchStoryboardName = LaunchScreen;
				INFOPLIST_KEY_UIMainStoryboardFile = "";
				INFOPLIST_KEY_UISupportedInterfaceOrientations_iPad = "UIInterfaceOrientationPortrait UIInterfaceOrientationPortraitUpsideDown UIInterfaceOrientationLandscapeLeft UIInterfaceOrientationLandscapeRight";
				INFOPLIST_KEY_UISupportedInterfaceOrientations_iPhone = "UIInterfaceOrientationPortrait UIInterfaceOrientationLandscapeLeft UIInterfaceOrientationLandscapeRight";
				LD_RUNPATH_SEARCH_PATHS = (
					"$(inherited)",
					"@executable_path/Frameworks",
				);
				MARKETING_VERSION = 1.0;
				PRODUCT_BUNDLE_IDENTIFIER = kk.TestTaskWeatherAppp;
				PRODUCT_NAME = "$(TARGET_NAME)";
				SWIFT_EMIT_LOC_STRINGS = YES;
				SWIFT_VERSION = 5.0;
				TARGETED_DEVICE_FAMILY = "1,2";
			};
			name = Debug;
		};
		A46B6B3A27C95BD800334B02 /* Release */ = {
			isa = XCBuildConfiguration;
			baseConfigurationReference = 40F33981BF6D6B1B93CE8FEC /* Pods-TestTaskWeatherAppp.release.xcconfig */;
			buildSettings = {
				ASSETCATALOG_COMPILER_APPICON_NAME = AppIcon;
				ASSETCATALOG_COMPILER_GLOBAL_ACCENT_COLOR_NAME = AccentColor;
				CODE_SIGN_STYLE = Automatic;
				CURRENT_PROJECT_VERSION = 1;
				DEVELOPMENT_TEAM = NPGNG99UN2;
				GENERATE_INFOPLIST_FILE = YES;
				INFOPLIST_FILE = TestTaskWeatherAppp/Info.plist;
				INFOPLIST_KEY_UIApplicationSupportsIndirectInputEvents = YES;
				INFOPLIST_KEY_UILaunchStoryboardName = LaunchScreen;
				INFOPLIST_KEY_UIMainStoryboardFile = "";
				INFOPLIST_KEY_UISupportedInterfaceOrientations_iPad = "UIInterfaceOrientationPortrait UIInterfaceOrientationPortraitUpsideDown UIInterfaceOrientationLandscapeLeft UIInterfaceOrientationLandscapeRight";
				INFOPLIST_KEY_UISupportedInterfaceOrientations_iPhone = "UIInterfaceOrientationPortrait UIInterfaceOrientationLandscapeLeft UIInterfaceOrientationLandscapeRight";
				LD_RUNPATH_SEARCH_PATHS = (
					"$(inherited)",
					"@executable_path/Frameworks",
				);
				MARKETING_VERSION = 1.0;
				PRODUCT_BUNDLE_IDENTIFIER = kk.TestTaskWeatherAppp;
				PRODUCT_NAME = "$(TARGET_NAME)";
				SWIFT_EMIT_LOC_STRINGS = YES;
				SWIFT_VERSION = 5.0;
				TARGETED_DEVICE_FAMILY = "1,2";
			};
			name = Release;
		};
/* End XCBuildConfiguration section */

/* Begin XCConfigurationList section */
		A46B6B1F27C95BD000334B02 /* Build configuration list for PBXProject "TestTaskWeatherAppp" */ = {
			isa = XCConfigurationList;
			buildConfigurations = (
				A46B6B3627C95BD800334B02 /* Debug */,
				A46B6B3727C95BD800334B02 /* Release */,
			);
			defaultConfigurationIsVisible = 0;
			defaultConfigurationName = Release;
		};
		A46B6B3827C95BD800334B02 /* Build configuration list for PBXNativeTarget "TestTaskWeatherAppp" */ = {
			isa = XCConfigurationList;
			buildConfigurations = (
				A46B6B3927C95BD800334B02 /* Debug */,
				A46B6B3A27C95BD800334B02 /* Release */,
			);
			defaultConfigurationIsVisible = 0;
			defaultConfigurationName = Release;
		};
/* End XCConfigurationList section */
	};
	rootObject = A46B6B1C27C95BD000334B02 /* Project object */;
}
